
Microsoft Visual Studio Solution File, Format Version 11.00
# Visual Studio 2010
Project("{FAE04EC0-301F-11D3-BF4B-00C04F79EFBC}") = "Webinar", "Webinar\Webinar.csproj", "{3DB4C07F-601C-4ABB-8707-455D9D3C822A}"
EndProject
Project("{FAE04EC0-301F-11D3-BF4B-00C04F79EFBC}") = "WebinarTests", "WebinarTests\WebinarTests.csproj", "{B148ABFC-71F3-4DB5-B1D5-939AC2EB86DA}"
EndProject
Global
	GlobalSection(SolutionConfigurationPlatforms) = preSolution
		Debug|Any CPU = Debug|Any CPU
		Release|Any CPU = Release|Any CPU
	EndGlobalSection
	GlobalSection(ProjectConfigurationPlatforms) = postSolution
		{3DB4C07F-601C-4ABB-8707-455D9D3C822A}.Debug|Any CPU.ActiveCfg = Debug|Any CPU
		{3DB4C07F-601C-4ABB-8707-455D9D3C822A}.Debug|Any CPU.Build.0 = Debug|Any CPU
		{3DB4C07F-601C-4ABB-8707-455D9D3C822A}.Release|Any CPU.ActiveCfg = Release|Any CPU
		{3DB4C07F-601C-4ABB-8707-455D9D3C822A}.Release|Any CPU.Build.0 = Release|Any CPU
		{B148ABFC-71F3-4DB5-B1D5-939AC2EB86DA}.Debug|Any CPU.ActiveCfg = Debug|Any CPU
		{B148ABFC-71F3-4DB5-B1D5-939AC2EB86DA}.Debug|Any CPU.Build.0 = Debug|Any CPU
		{B148ABFC-71F3-4DB5-B1D5-939AC2EB86DA}.Release|Any CPU.ActiveCfg = Release|Any CPU
		{B148ABFC-71F3-4DB5-B1D5-939AC2EB86DA}.Release|Any CPU.Build.0 = Release|Any CPU
	EndGlobalSection
	GlobalSection(SolutionProperties) = preSolution
		HideSolutionNode = FALSE
	EndGlobalSection
EndGlobal
